
Microsoft Visual Studio Solution File, Format Version 12.00
# Visual Studio Version 16
VisualStudioVersion = 25.0.1704.2
MinimumVisualStudioVersion = 10.0.40219.1
Project("{FAE04EC0-301F-11D3-BF4B-00C04F79EFBC}") = "teachers login news", "teachers login news\teachers login news.csproj", "{EECD061D-D1A9-47C5-B137-F7C0130392A6}"
EndProject
Global
	GlobalSection(SolutionConfigurationPlatforms) = preSolution
		Debug|Any CPU = Debug|Any CPU
		Release|Any CPU = Release|Any CPU
	EndGlobalSection
	GlobalSection(ProjectConfigurationPlatforms) = postSolution
		{EECD061D-D1A9-47C5-B137-F7C0130392A6}.Debug|Any CPU.ActiveCfg = Debug|Any CPU
		{EECD061D-D1A9-47C5-B137-F7C0130392A6}.Debug|Any CPU.Build.0 = Debug|Any CPU
		{EECD061D-D1A9-47C5-B137-F7C0130392A6}.Release|Any CPU.ActiveCfg = Release|Any CPU
		{EECD061D-D1A9-47C5-B137-F7C0130392A6}.Release|Any CPU.Build.0 = Release|Any CPU
	EndGlobalSection
	GlobalSection(SolutionProperties) = preSolution
		HideSolutionNode = FALSE
	EndGlobalSection
	GlobalSection(ExtensibilityGlobals) = postSolution
		SolutionGuid = {2F76CBC6-F482-4FDE-805E-3C3724D59D8D}
	EndGlobalSection
EndGlobal
